// !$*UTF8*$!
{
	archiveVersion = 1;
	classes = {
	};
	objectVersion = 48;
	objects = {

/* Begin PBXBuildFile section */
		5F4453CB1FDB9C4D00604470 /* AppDelegate.swift in Sources */ = {isa = PBXBuildFile; fileRef = 5F4453CA1FDB9C4D00604470 /* AppDelegate.swift */; };
		5F4453CD1FDB9C4D00604470 /* PlanetVC.swift in Sources */ = {isa = PBXBuildFile; fileRef = 5F4453CC1FDB9C4D00604470 /* PlanetVC.swift */; };
		5F4453D01FDB9C4D00604470 /* Main.storyboard in Resources */ = {isa = PBXBuildFile; fileRef = 5F4453CE1FDB9C4D00604470 /* Main.storyboard */; };
		5F4453D21FDB9C4D00604470 /* Assets.xcassets in Resources */ = {isa = PBXBuildFile; fileRef = 5F4453D11FDB9C4D00604470 /* Assets.xcassets */; };
		5F4453D51FDB9C4D00604470 /* LaunchScreen.storyboard in Resources */ = {isa = PBXBuildFile; fileRef = 5F4453D31FDB9C4D00604470 /* LaunchScreen.storyboard */; };
/* End PBXBuildFile section */

/* Begin PBXFileReference section */
		5F4453C71FDB9C4C00604470 /* PlanetsAR.app */ = {isa = PBXFileReference; explicitFileType = wrapper.application; includeInIndex = 0; path = PlanetsAR.app; sourceTree = BUILT_PRODUCTS_DIR; };
		5F4453CA1FDB9C4D00604470 /* AppDelegate.swift */ = {isa = PBXFileReference; lastKnownFileType = sourcecode.swift; path = AppDelegate.swift; sourceTree = "<group>"; };
		5F4453CC1FDB9C4D00604470 /* PlanetVC.swift */ = {isa = PBXFileReference; lastKnownFileType = sourcecode.swift; path = PlanetVC.swift; sourceTree = "<group>"; };
		5F4453CF1FDB9C4D00604470 /* Base */ = {isa = PBXFileReference; lastKnownFileType = file.storyboard; name = Base; path = Base.lproj/Main.storyboard; sourceTree = "<group>"; };
		5F4453D11FDB9C4D00604470 /* Assets.xcassets */ = {isa = PBXFileReference; lastKnownFileType = folder.assetcatalog; path = Assets.xcassets; sourceTree = "<group>"; };
		5F4453D41FDB9C4D00604470 /* Base */ = {isa = PBXFileReference; lastKnownFileType = file.storyboard; name = Base; path = Base.lproj/LaunchScreen.storyboard; sourceTree = "<group>"; };
		5F4453D61FDB9C4D00604470 /* Info.plist */ = {isa = PBXFileReference; lastKnownFileType = text.plist.xml; path = Info.plist; sourceTree = "<group>"; };
/* End PBXFileReference section */

/* Begin PBXFrameworksBuildPhase section */
		5F4453C41FDB9C4C00604470 /* Frameworks */ = {
			isa = PBXFrameworksBuildPhase;
			buildActionMask = 2147483647;
			files = (
			);
			runOnlyForDeploymentPostprocessing = 0;
		};
/* End PBXFrameworksBuildPhase section */

/* Begin PBXGroup section */
		5F4453BE1FDB9C4C00604470 = {
			isa = PBXGroup;
			children = (
				5F4453C91FDB9C4C00604470 /* PlanetsAR */,
				5F4453C81FDB9C4C00604470 /* Products */,
			);
			sourceTree = "<group>";
		};
		5F4453C81FDB9C4C00604470 /* Products */ = {
			isa = PBXGroup;
			children = (
				5F4453C71FDB9C4C00604470 /* PlanetsAR.app */,
			);
			name = Products;
			sourceTree = "<group>";
		};
		5F4453C91FDB9C4C00604470 /* PlanetsAR */ = {
			isa = PBXGroup;
			children = (
				5F4453CA1FDB9C4D00604470 /* AppDelegate.swift */,
				5F4453CC1FDB9C4D00604470 /* PlanetVC.swift */,
				5F4453CE1FDB9C4D00604470 /* Main.storyboard */,
				5F4453D11FDB9C4D00604470 /* Assets.xcassets */,
				5F4453D31FDB9C4D00604470 /* LaunchScreen.storyboard */,
				5F4453D61FDB9C4D00604470 /* Info.plist */,
			);
			path = PlanetsAR;
			sourceTree = "<group>";
		};
/* End PBXGroup section */

/* Begin PBXNativeTarget section */
		5F4453C61FDB9C4C00604470 /* PlanetsAR */ = {
			isa = PBXNativeTarget;
			buildConfigurationList = 5F4453D91FDB9C4D00604470 /* Build configuration list for PBXNativeTarget "PlanetsAR" */;
			buildPhases = (
				5F4453C31FDB9C4C00604470 /* Sources */,
				5F4453C41FDB9C4C00604470 /* Frameworks */,
				5F4453C51FDB9C4C00604470 /* Resources */,
			);
			buildRules = (
			);
			dependencies = (
			);
			name = PlanetsAR;
			productName = PlanetsAR;
			productReference = 5F4453C71FDB9C4C00604470 /* PlanetsAR.app */;
			productType = "com.apple.product-type.application";
		};
/* End PBXNativeTarget section */

/* Begin PBXProject section */
		5F4453BF1FDB9C4C00604470 /* Project object */ = {
			isa = PBXProject;
			attributes = {
				LastSwiftUpdateCheck = 0920;
				LastUpgradeCheck = 0920;
				ORGANIZATIONNAME = "Marcus Ng";
				TargetAttributes = {
					5F4453C61FDB9C4C00604470 = {
						CreatedOnToolsVersion = 9.2;
						ProvisioningStyle = Automatic;
					};
				};
			};
			buildConfigurationList = 5F4453C21FDB9C4C00604470 /* Build configuration list for PBXProject "PlanetsAR" */;
			compatibilityVersion = "Xcode 8.0";
			developmentRegion = en;
			hasScannedForEncodings = 0;
			knownRegions = (
				en,
				Base,
			);
			mainGroup = 5F4453BE1FDB9C4C00604470;
			productRefGroup = 5F4453C81FDB9C4C00604470 /* Products */;
			projectDirPath = "";
			projectRoot = "";
			targets = (
				5F4453C61FDB9C4C00604470 /* PlanetsAR */,
			);
		};
/* End PBXProject section */

/* Begin PBXResourcesBuildPhase section */
		5F4453C51FDB9C4C00604470 /* Resources */ = {
			isa = PBXResourcesBuildPhase;
			buildActionMask = 2147483647;
			files = (
				5F4453D51FDB9C4D00604470 /* LaunchScreen.storyboard in Resources */,
				5F4453D21FDB9C4D00604470 /* Assets.xcassets in Resources */,
				5F4453D01FDB9C4D00604470 /* Main.storyboard in Resources */,
			);
			runOnlyForDeploymentPostprocessing = 0;
		};
/* End PBXResourcesBuildPhase section */

/* Begin PBXSourcesBuildPhase section */
		5F4453C31FDB9C4C00604470 /* Sources */ = {
			isa = PBXSourcesBuildPhase;
			buildActionMask = 2147483647;
			files = (
				5F4453CD1FDB9C4D00604470 /* PlanetVC.swift in Sources */,
				5F4453CB1FDB9C4D00604470 /* AppDelegate.swift in Sources */,
			);
			runOnlyForDeploymentPostprocessing = 0;
		};
/* End PBXSourcesBuildPhase section */

/* Begin PBXVariantGroup section */
		5F4453CE1FDB9C4D00604470 /* Main.storyboard */ = {
			isa = PBXVariantGroup;
			children = (
				5F4453CF1FDB9C4D00604470 /* Base */,
			);
			name = Main.storyboard;
			sourceTree = "<group>";
		};
		5F4453D31FDB9C4D00604470 /* LaunchScreen.storyboard */ = {
			isa = PBXVariantGroup;
			children = (
				5F4453D41FDB9C4D00604470 /* Base */,
			);
			name = LaunchScreen.storyboard;
			sourceTree = "<group>";
		};
/* End PBXVariantGroup section */

/* Begin XCBuildConfiguration section */
		5F4453D71FDB9C4D00604470 /* Debug */ = {
			isa = XCBuildConfiguration;
			buildSettings = {
				ALWAYS_SEARCH_USER_PATHS = NO;
				CLANG_ANALYZER_NONNULL = YES;
				CLANG_ANALYZER_NUMBER_OBJECT_CONVERSION = YES_AGGRESSIVE;
				CLANG_CXX_LANGUAGE_STANDARD = "gnu++14";
				CLANG_CXX_LIBRARY = "libc++";
				CLANG_ENABLE_MODULES = YES;
				CLANG_ENABLE_OBJC_ARC = YES;
				CLANG_WARN_BLOCK_CAPTURE_AUTORELEASING = YES;
				CLANG_WARN_BOOL_CONVERSION = YES;
				CLANG_WARN_COMMA = YES;
				CLANG_WARN_CONSTANT_CONVERSION = YES;
				CLANG_WARN_DIRECT_OBJC_ISA_USAGE = YES_ERROR;
				CLANG_WARN_DOCUMENTATION_COMMENTS = YES;
				CLANG_WARN_EMPTY_BODY = YES;
				CLANG_WARN_ENUM_CONVERSION = YES;
				CLANG_WARN_INFINITE_RECURSION = YES;
				CLANG_WARN_INT_CONVERSION = YES;
				CLANG_WARN_NON_LITERAL_NULL_CONVERSION = YES;
				CLANG_WARN_OBJC_LITERAL_CONVERSION = YES;
				CLANG_WARN_OBJC_ROOT_CLASS = YES_ERROR;
				CLANG_WARN_RANGE_LOOP_ANALYSIS = YES;
				CLANG_WARN_STRICT_PROTOTYPES = YES;
				CLANG_WARN_SUSPICIOUS_MOVE = YES;
				CLANG_WARN_UNGUARDED_AVAILABILITY = YES_AGGRESSIVE;
				CLANG_WARN_UNREACHABLE_CODE = YES;
				CLANG_WARN__DUPLICATE_METHOD_MATCH = YES;
				CODE_SIGN_IDENTITY = "iPhone Developer";
				COPY_PHASE_STRIP = NO;
				DEBUG_INFORMATION_FORMAT = dwarf;
				ENABLE_STRICT_OBJC_MSGSEND = YES;
				ENABLE_TESTABILITY = YES;
				GCC_C_LANGUAGE_STANDARD = gnu11;
				GCC_DYNAMIC_NO_PIC = NO;
				GCC_NO_COMMON_BLOCKS = YES;
				GCC_OPTIMIZATION_LEVEL = 0;
				GCC_PREPROCESSOR_DEFINITIONS = (
					"DEBUG=1",
					"$(inherited)",
				);
				GCC_WARN_64_TO_32_BIT_CONVERSION = YES;
				GCC_WARN_ABOUT_RETURN_TYPE = YES_ERROR;
				GCC_WARN_UNDECLARED_SELECTOR = YES;
				GCC_WARN_UNINITIALIZED_AUTOS = YES_AGGRESSIVE;
				GCC_WARN_UNUSED_FUNCTION = YES;
				GCC_WARN_UNUSED_VARIABLE = YES;
				IPHONEOS_DEPLOYMENT_TARGET = 11.2;
				MTL_ENABLE_DEBUG_INFO = YES;
				ONLY_ACTIVE_ARCH = YES;
				SDKROOT = iphoneos;
				SWIFT_ACTIVE_COMPILATION_CONDITIONS = DEBUG;
				SWIFT_OPTIMIZATION_LEVEL = "-Onone";
			};
			name = Debug;
		};
		5F4453D81FDB9C4D00604470 /* Release */ = {
			isa = XCBuildConfiguration;
			buildSettings = {
				ALWAYS_SEARCH_USER_PATHS = NO;
				CLANG_ANALYZER_NONNULL = YES;
				CLANG_ANALYZER_NUMBER_OBJECT_CONVERSION = YES_AGGRESSIVE;
				CLANG_CXX_LANGUAGE_STANDARD = "gnu++14";
				CLANG_CXX_LIBRARY = "libc++";
				CLANG_ENABLE_MODULES = YES;
				CLANG_ENABLE_OBJC_ARC = YES;
				CLANG_WARN_BLOCK_CAPTURE_AUTORELEASING = YES;
				CLANG_WARN_BOOL_CONVERSION = YES;
				CLANG_WARN_COMMA = YES;
				CLANG_WARN_CONSTANT_CONVERSION = YES;
				CLANG_WARN_DIRECT_OBJC_ISA_USAGE = YES_ERROR;
				CLANG_WARN_DOCUMENTATION_COMMENTS = YES;
				CLANG_WARN_EMPTY_BODY = YES;
				CLANG_WARN_ENUM_CONVERSION = YES;
				CLANG_WARN_INFINITE_RECURSION = YES;
				CLANG_WARN_INT_CONVERSION = YES;
				CLANG_WARN_NON_LITERAL_NULL_CONVERSION = YES;
				CLANG_WARN_OBJC_LITERAL_CONVERSION = YES;
				CLANG_WARN_OBJC_ROOT_CLASS = YES_ERROR;
				CLANG_WARN_RANGE_LOOP_ANALYSIS = YES;
				CLANG_WARN_STRICT_PROTOTYPES = YES;
				CLANG_WARN_SUSPICIOUS_MOVE = YES;
				CLANG_WARN_UNGUARDED_AVAILABILITY = YES_AGGRESSIVE;
				CLANG_WARN_UNREACHABLE_CODE = YES;
				CLANG_WARN__DUPLICATE_METHOD_MATCH = YES;
				CODE_SIGN_IDENTITY = "iPhone Developer";
				COPY_PHASE_STRIP = NO;
				DEBUG_INFORMATION_FORMAT = "dwarf-with-dsym";
				ENABLE_NS_ASSERTIONS = NO;
				ENABLE_STRICT_OBJC_MSGSEND = YES;
				GCC_C_LANGUAGE_STANDARD = gnu11;
				GCC_NO_COMMON_BLOCKS = YES;
				GCC_WARN_64_TO_32_BIT_CONVERSION = YES;
				GCC_WARN_ABOUT_RETURN_TYPE = YES_ERROR;
				GCC_WARN_UNDECLARED_SELECTOR = YES;
				GCC_WARN_UNINITIALIZED_AUTOS = YES_AGGRESSIVE;
				GCC_WARN_UNUSED_FUNCTION = YES;
				GCC_WARN_UNUSED_VARIABLE = YES;
				IPHONEOS_DEPLOYMENT_TARGET = 11.2;
				MTL_ENABLE_DEBUG_INFO = NO;
				SDKROOT = iphoneos;
				SWIFT_OPTIMIZATION_LEVEL = "-Owholemodule";
				VALIDATE_PRODUCT = YES;
			};
			name = Release;
		};
		5F4453DA1FDB9C4D00604470 /* Debug */ = {
			isa = XCBuildConfiguration;
			buildSettings = {
				ASSETCATALOG_COMPILER_APPICON_NAME = AppIcon;
				CODE_SIGN_STYLE = Automatic;
				DEVELOPMENT_TEAM = 8YCPCF4H7X;
				INFOPLIST_FILE = PlanetsAR/Info.plist;
				IPHONEOS_DEPLOYMENT_TARGET = 11.1;
				LD_RUNPATH_SEARCH_PATHS = "$(inherited) @executable_path/Frameworks";
				PRODUCT_BUNDLE_IDENTIFIER = com.MarcusNg.PlanetsAR;
				PRODUCT_NAME = "$(TARGET_NAME)";
				SWIFT_VERSION = 4.0;
				TARGETED_DEVICE_FAMILY = "1,2";
			};
			name = Debug;
		};
		5F4453DB1FDB9C4D00604470 /* Release */ = {
			isa = XCBuildConfiguration;
			buildSettings = {
				ASSETCATALOG_COMPILER_APPICON_NAME = AppIcon;
				CODE_SIGN_STYLE = Automatic;
				DEVELOPMENT_TEAM = 8YCPCF4H7X;
				INFOPLIST_FILE = PlanetsAR/Info.plist;
				IPHONEOS_DEPLOYMENT_TARGET = 11.1;
				LD_RUNPATH_SEARCH_PATHS = "$(inherited) @executable_path/Frameworks";
				PRODUCT_BUNDLE_IDENTIFIER = com.MarcusNg.PlanetsAR;
				PRODUCT_NAME = "$(TARGET_NAME)";
				SWIFT_VERSION = 4.0;
				TARGETED_DEVICE_FAMILY = "1,2";
			};
			name = Release;
		};
/* End XCBuildConfiguration section */

/* Begin XCConfigurationList section */
		5F4453C21FDB9C4C00604470 /* Build configuration list for PBXProject "PlanetsAR" */ = {
			isa = XCConfigurationList;
			buildConfigurations = (
				5F4453D71FDB9C4D00604470 /* Debug */,
				5F4453D81FDB9C4D00604470 /* Release */,
			);
			defaultConfigurationIsVisible = 0;
			defaultConfigurationName = Release;
		};
		5F4453D91FDB9C4D00604470 /* Build configuration list for PBXNativeTarget "PlanetsAR" */ = {
			isa = XCConfigurationList;
			buildConfigurations = (
				5F4453DA1FDB9C4D00604470 /* Debug */,
				5F4453DB1FDB9C4D00604470 /* Release */,
			);
			defaultConfigurationIsVisible = 0;
			defaultConfigurationName = Release;
		};
/* End XCConfigurationList section */
	};
	rootObject = 5F4453BF1FDB9C4C00604470 /* Project object */;
}
